
Microsoft Visual Studio Solution File, Format Version 12.00
# Visual Studio Version 16
VisualStudioVersion = 16.0.31911.196
MinimumVisualStudioVersion = 10.0.40219.1
Project("{FAE04EC0-301F-11D3-BF4B-00C04F79EFBC}") = "01Lista", "01Lista\01Lista.csproj", "{0B884C27-EE91-42B4-9C91-9C430FC42671}"
EndProject
Global
	GlobalSection(SolutionConfigurationPlatforms) = preSolution
		Debug|Any CPU = Debug|Any CPU
		Release|Any CPU = Release|Any CPU
	EndGlobalSection
	GlobalSection(ProjectConfigurationPlatforms) = postSolution
		{0B884C27-EE91-42B4-9C91-9C430FC42671}.Debug|Any CPU.ActiveCfg = Debug|Any CPU
		{0B884C27-EE91-42B4-9C91-9C430FC42671}.Debug|Any CPU.Build.0 = Debug|Any CPU
		{0B884C27-EE91-42B4-9C91-9C430FC42671}.Release|Any CPU.ActiveCfg = Release|Any CPU
		{0B884C27-EE91-42B4-9C91-9C430FC42671}.Release|Any CPU.Build.0 = Release|Any CPU
	EndGlobalSection
	GlobalSection(SolutionProperties) = preSolution
		HideSolutionNode = FALSE
	EndGlobalSection
	GlobalSection(ExtensibilityGlobals) = postSolution
		SolutionGuid = {84500FA9-C162-4CBB-BD4A-EAE40C7A133D}
	EndGlobalSection
EndGlobal
